
Microsoft Visual Studio Solution File, Format Version 12.00
# Visual Studio Version 16
VisualStudioVersion = 16.0.31410.357
MinimumVisualStudioVersion = 10.0.40219.1
Project("{FAE04EC0-301F-11D3-BF4B-00C04F79EFBC}") = "monogame first proj", "monogame first proj\monogame first proj.csproj", "{F78204F3-7911-4843-AA76-20B2C905E802}"
EndProject
Global
	GlobalSection(SolutionConfigurationPlatforms) = preSolution
		Debug|Any CPU = Debug|Any CPU
		Release|Any CPU = Release|Any CPU
	EndGlobalSection
	GlobalSection(ProjectConfigurationPlatforms) = postSolution
		{F78204F3-7911-4843-AA76-20B2C905E802}.Debug|Any CPU.ActiveCfg = Debug|Any CPU
		{F78204F3-7911-4843-AA76-20B2C905E802}.Debug|Any CPU.Build.0 = Debug|Any CPU
		{F78204F3-7911-4843-AA76-20B2C905E802}.Release|Any CPU.ActiveCfg = Release|Any CPU
		{F78204F3-7911-4843-AA76-20B2C905E802}.Release|Any CPU.Build.0 = Release|Any CPU
	EndGlobalSection
	GlobalSection(SolutionProperties) = preSolution
		HideSolutionNode = FALSE
	EndGlobalSection
	GlobalSection(ExtensibilityGlobals) = postSolution
		SolutionGuid = {45892F2D-E344-48F5-8BF1-3A1630CCCD82}
	EndGlobalSection
EndGlobal
